// !$*UTF8*$!
{
	archiveVersion = 1;
	classes = {
	};
	objectVersion = 45;
	objects = {

/* Begin PBXBuildFile section */
		8DD76F6A0486A84900D96B5E /* helmholtz2d.1 in CopyFiles */ = {isa = PBXBuildFile; fileRef = C6859E8B029090EE04C91782 /* helmholtz2d.1 */; };
		A94457E512E96ABB0099ECA5 /* main.cpp in Sources */ = {isa = PBXBuildFile; fileRef = A94457E412E96ABB0099ECA5 /* main.cpp */; };
		A9C5FACA1188D9320064BFDD /* GLUT.framework in Frameworks */ = {isa = PBXBuildFile; fileRef = A9C5FAC91188D9320064BFDD /* GLUT.framework */; };
		A9C5FACC1188D93C0064BFDD /* OpenGL.framework in Frameworks */ = {isa = PBXBuildFile; fileRef = A9C5FACB1188D93C0064BFDD /* OpenGL.framework */; };
		A9EDB4CD11A8AE150003AC93 /* libdfm_core.a in Frameworks */ = {isa = PBXBuildFile; fileRef = A9EDB4CC11A8AE0B0003AC93 /* libdfm_core.a */; };
/* End PBXBuildFile section */

/* Begin PBXContainerItemProxy section */
		A9EDB4CB11A8AE0B0003AC93 /* PBXContainerItemProxy */ = {
			isa = PBXContainerItemProxy;
			containerPortal = A9C5FAC01188D90A0064BFDD /* dfm_core.xcodeproj */;
			proxyType = 2;
			remoteGlobalIDString = D2AAC046055464E500DB518D;
			remoteInfo = dfm_core;
		};
		A9EDB4CF11A8AE230003AC93 /* PBXContainerItemProxy */ = {
			isa = PBXContainerItemProxy;
			containerPortal = A9C5FAC01188D90A0064BFDD /* dfm_core.xcodeproj */;
			proxyType = 1;
			remoteGlobalIDString = D2AAC045055464E500DB518D;
			remoteInfo = dfm_core;
		};
/* End PBXContainerItemProxy section */

/* Begin PBXCopyFilesBuildPhase section */
		8DD76F690486A84900D96B5E /* CopyFiles */ = {
			isa = PBXCopyFilesBuildPhase;
			buildActionMask = 8;
			dstPath = /usr/share/man/man1/;
			dstSubfolderSpec = 0;
			files = (
				8DD76F6A0486A84900D96B5E /* helmholtz2d.1 in CopyFiles */,
			);
			runOnlyForDeploymentPostprocessing = 1;
		};
/* End PBXCopyFilesBuildPhase section */

/* Begin PBXFileReference section */
		8DD76F6C0486A84900D96B5E /* helmholtz2d */ = {isa = PBXFileReference; explicitFileType = "compiled.mach-o.executable"; includeInIndex = 0; path = helmholtz2d; sourceTree = BUILT_PRODUCTS_DIR; };
		A94457E412E96ABB0099ECA5 /* main.cpp */ = {isa = PBXFileReference; fileEncoding = 4; lastKnownFileType = sourcecode.cpp.cpp; path = main.cpp; sourceTree = "<group>"; };
		A9C5FAC01188D90A0064BFDD /* dfm_core.xcodeproj */ = {isa = PBXFileReference; lastKnownFileType = "wrapper.pb-project"; name = dfm_core.xcodeproj; path = ../../lib/xcodelib_core/dfm_core.xcodeproj; sourceTree = SOURCE_ROOT; };
		A9C5FAC91188D9320064BFDD /* GLUT.framework */ = {isa = PBXFileReference; lastKnownFileType = wrapper.framework; name = GLUT.framework; path = /System/Library/Frameworks/GLUT.framework; sourceTree = "<absolute>"; };
		A9C5FACB1188D93C0064BFDD /* OpenGL.framework */ = {isa = PBXFileReference; lastKnownFileType = wrapper.framework; name = OpenGL.framework; path = /System/Library/Frameworks/OpenGL.framework; sourceTree = "<absolute>"; };
		C6859E8B029090EE04C91782 /* helmholtz2d.1 */ = {isa = PBXFileReference; lastKnownFileType = text.man; path = helmholtz2d.1; sourceTree = "<group>"; };
/* End PBXFileReference section */

/* Begin PBXFrameworksBuildPhase section */
		8DD76F660486A84900D96B5E /* Frameworks */ = {
			isa = PBXFrameworksBuildPhase;
			buildActionMask = 2147483647;
			files = (
				A9EDB4CD11A8AE150003AC93 /* libdfm_core.a in Frameworks */,
				A9C5FACA1188D9320064BFDD /* GLUT.framework in Frameworks */,
				A9C5FACC1188D93C0064BFDD /* OpenGL.framework in Frameworks */,
			);
			runOnlyForDeploymentPostprocessing = 0;
		};
/* End PBXFrameworksBuildPhase section */

/* Begin PBXGroup section */
		08FB7794FE84155DC02AAC07 /* helmholtz2d */ = {
			isa = PBXGroup;
			children = (
				A9C5FAC01188D90A0064BFDD /* dfm_core.xcodeproj */,
				08FB7795FE84155DC02AAC07 /* Source */,
				C6859E8C029090F304C91782 /* Documentation */,
				1AB674ADFE9D54B511CA2CBB /* Products */,
				A9C5FAC91188D9320064BFDD /* GLUT.framework */,
				A9C5FACB1188D93C0064BFDD /* OpenGL.framework */,
			);
			name = helmholtz2d;
			sourceTree = "<group>";
		};
		08FB7795FE84155DC02AAC07 /* Source */ = {
			isa = PBXGroup;
			children = (
				A94457E412E96ABB0099ECA5 /* main.cpp */,
			);
			name = Source;
			sourceTree = "<group>";
		};
		1AB674ADFE9D54B511CA2CBB /* Products */ = {
			isa = PBXGroup;
			children = (
				8DD76F6C0486A84900D96B5E /* helmholtz2d */,
			);
			name = Products;
			sourceTree = "<group>";
		};
		A9EDB4C811A8AE0B0003AC93 /* Products */ = {
			isa = PBXGroup;
			children = (
				A9EDB4CC11A8AE0B0003AC93 /* libdfm_core.a */,
			);
			name = Products;
			sourceTree = "<group>";
		};
		C6859E8C029090F304C91782 /* Documentation */ = {
			isa = PBXGroup;
			children = (
				C6859E8B029090EE04C91782 /* helmholtz2d.1 */,
			);
			name = Documentation;
			sourceTree = "<group>";
		};
/* End PBXGroup section */

/* Begin PBXNativeTarget section */
		8DD76F620486A84900D96B5E /* helmholtz2d */ = {
			isa = PBXNativeTarget;
			buildConfigurationList = 1DEB923108733DC60010E9CD /* Build configuration list for PBXNativeTarget "helmholtz2d" */;
			buildPhases = (
				8DD76F640486A84900D96B5E /* Sources */,
				8DD76F660486A84900D96B5E /* Frameworks */,
				8DD76F690486A84900D96B5E /* CopyFiles */,
			);
			buildRules = (
			);
			dependencies = (
				A9EDB4D011A8AE230003AC93 /* PBXTargetDependency */,
			);
			name = helmholtz2d;
			productInstallPath = "$(HOME)/bin";
			productName = helmholtz2d;
			productReference = 8DD76F6C0486A84900D96B5E /* helmholtz2d */;
			productType = "com.apple.product-type.tool";
		};
/* End PBXNativeTarget section */

/* Begin PBXProject section */
		08FB7793FE84155DC02AAC07 /* Project object */ = {
			isa = PBXProject;
			buildConfigurationList = 1DEB923508733DC60010E9CD /* Build configuration list for PBXProject "helmholtz2d" */;
			compatibilityVersion = "Xcode 3.1";
			developmentRegion = English;
			hasScannedForEncodings = 1;
			knownRegions = (
				English,
				Japanese,
				French,
				German,
			);
			mainGroup = 08FB7794FE84155DC02AAC07 /* helmholtz2d */;
			projectDirPath = "";
			projectReferences = (
				{
					ProductGroup = A9EDB4C811A8AE0B0003AC93 /* Products */;
					ProjectRef = A9C5FAC01188D90A0064BFDD /* dfm_core.xcodeproj */;
				},
			);
			projectRoot = "";
			targets = (
				8DD76F620486A84900D96B5E /* helmholtz2d */,
			);
		};
/* End PBXProject section */

/* Begin PBXReferenceProxy section */
		A9EDB4CC11A8AE0B0003AC93 /* libdfm_core.a */ = {
			isa = PBXReferenceProxy;
			fileType = archive.ar;
			path = libdfm_core.a;
			remoteRef = A9EDB4CB11A8AE0B0003AC93 /* PBXContainerItemProxy */;
			sourceTree = BUILT_PRODUCTS_DIR;
		};
/* End PBXReferenceProxy section */

/* Begin PBXSourcesBuildPhase section */
		8DD76F640486A84900D96B5E /* Sources */ = {
			isa = PBXSourcesBuildPhase;
			buildActionMask = 2147483647;
			files = (
				A94457E512E96ABB0099ECA5 /* main.cpp in Sources */,
			);
			runOnlyForDeploymentPostprocessing = 0;
		};
/* End PBXSourcesBuildPhase section */

/* Begin PBXTargetDependency section */
		A9EDB4D011A8AE230003AC93 /* PBXTargetDependency */ = {
			isa = PBXTargetDependency;
			name = dfm_core;
			targetProxy = A9EDB4CF11A8AE230003AC93 /* PBXContainerItemProxy */;
		};
/* End PBXTargetDependency section */

/* Begin XCBuildConfiguration section */
		1DEB923208733DC60010E9CD /* Debug */ = {
			isa = XCBuildConfiguration;
			buildSettings = {
				ALWAYS_SEARCH_USER_PATHS = NO;
				COPY_PHASE_STRIP = NO;
				GCC_DYNAMIC_NO_PIC = NO;
				GCC_ENABLE_FIX_AND_CONTINUE = YES;
				GCC_MODEL_TUNING = G5;
				GCC_OPTIMIZATION_LEVEL = 0;
				GCC_PREPROCESSOR_DEFINITIONS = "";
				INSTALL_PATH = /usr/local/bin;
				PRODUCT_NAME = helmholtz2d;
				USER_HEADER_SEARCH_PATHS = "~/develop/delfem/include/";
			};
			name = Debug;
		};
		1DEB923308733DC60010E9CD /* Release */ = {
			isa = XCBuildConfiguration;
			buildSettings = {
				ALWAYS_SEARCH_USER_PATHS = NO;
				DEBUG_INFORMATION_FORMAT = "dwarf-with-dsym";
				GCC_MODEL_TUNING = G5;
				INSTALL_PATH = /usr/local/bin;
				PRODUCT_NAME = helmholtz2d;
				USER_HEADER_SEARCH_PATHS = "~/develop/delfem/include/";
			};
			name = Release;
		};
		1DEB923608733DC60010E9CD /* Debug */ = {
			isa = XCBuildConfiguration;
			buildSettings = {
				ALWAYS_SEARCH_USER_PATHS = YES;
				ARCHS = "$(ARCHS_STANDARD_32_64_BIT)";
				GCC_C_LANGUAGE_STANDARD = gnu99;
				GCC_OPTIMIZATION_LEVEL = 0;
				GCC_WARN_ABOUT_RETURN_TYPE = YES;
				GCC_WARN_UNUSED_VARIABLE = YES;
				HEADER_SEARCH_PATHS = ../../include/;
				ONLY_ACTIVE_ARCH = YES;
				PREBINDING = NO;
				SDKROOT = macosx10.6;
				USER_HEADER_SEARCH_PATHS = ../../include/;
			};
			name = Debug;
		};
		1DEB923708733DC60010E9CD /* Release */ = {
			isa = XCBuildConfiguration;
			buildSettings = {
				ARCHS = "$(ARCHS_STANDARD_32_64_BIT)";
				GCC_C_LANGUAGE_STANDARD = gnu99;
				GCC_WARN_ABOUT_RETURN_TYPE = YES;
				GCC_WARN_UNUSED_VARIABLE = YES;
				HEADER_SEARCH_PATHS = ../../include/;
				ONLY_ACTIVE_ARCH = YES;
				PREBINDING = NO;
				SDKROOT = macosx10.6;
				USER_HEADER_SEARCH_PATHS = ../../include/;
			};
			name = Release;
		};
/* End XCBuildConfiguration section */

/* Begin XCConfigurationList section */
		1DEB923108733DC60010E9CD /* Build configuration list for PBXNativeTarget "helmholtz2d" */ = {
			isa = XCConfigurationList;
			buildConfigurations = (
				1DEB923208733DC60010E9CD /* Debug */,
				1DEB923308733DC60010E9CD /* Release */,
			);
			defaultConfigurationIsVisible = 0;
			defaultConfigurationName = Release;
		};
		1DEB923508733DC60010E9CD /* Build configuration list for PBXProject "helmholtz2d" */ = {
			isa = XCConfigurationList;
			buildConfigurations = (
				1DEB923608733DC60010E9CD /* Debug */,
				1DEB923708733DC60010E9CD /* Release */,
			);
			defaultConfigurationIsVisible = 0;
			defaultConfigurationName = Release;
		};
/* End XCConfigurationList section */
	};
	rootObject = 08FB7793FE84155DC02AAC07 /* Project object */;
}
