// !$*UTF8*$!
{
	archiveVersion = 1;
	classes = {
	};
	objectVersion = 42;
	objects = {

/* Begin PBXContainerItemProxy section */
		A94832941189F07B0041A31C /* PBXContainerItemProxy */ = {
			isa = PBXContainerItemProxy;
			containerPortal = A948328C1189F07B0041A31C /* cad_view.xcodeproj */;
			proxyType = 2;
			remoteGlobalIDString = 8DD76F6C0486A84900D96B5E;
			remoteInfo = cad_view;
		};
		A948329A1189F08B0041A31C /* PBXContainerItemProxy */ = {
			isa = PBXContainerItemProxy;
			containerPortal = A94832961189F08B0041A31C /* field_evaluate.xcodeproj */;
			proxyType = 2;
			remoteGlobalIDString = 8DD76F6C0486A84900D96B5E;
			remoteInfo = field_evaluate;
		};
		A94832A41189F09B0041A31C /* PBXContainerItemProxy */ = {
			isa = PBXContainerItemProxy;
			containerPortal = A948329C1189F09B0041A31C /* fluid2d.xcodeproj */;
			proxyType = 2;
			remoteGlobalIDString = 8DD76F6C0486A84900D96B5E;
			remoteInfo = fluid2d;
		};
		A94832AA1189F0A60041A31C /* PBXContainerItemProxy */ = {
			isa = PBXContainerItemProxy;
			containerPortal = A94832A61189F0A60041A31C /* helmholtz2d.xcodeproj */;
			proxyType = 2;
			remoteGlobalIDString = 8DD76F6C0486A84900D96B5E;
			remoteInfo = helmholtz2d;
		};
		A94832B41189F0C20041A31C /* PBXContainerItemProxy */ = {
			isa = PBXContainerItemProxy;
			containerPortal = A94832AC1189F0C20041A31C /* hyper3d.xcodeproj */;
			proxyType = 2;
			remoteGlobalIDString = 8DD76F6C0486A84900D96B5E;
			remoteInfo = hyper3d;
		};
		A94832BE1189F0D30041A31C /* PBXContainerItemProxy */ = {
			isa = PBXContainerItemProxy;
			containerPortal = A94832B61189F0D30041A31C /* msh_view.xcodeproj */;
			proxyType = 2;
			remoteGlobalIDString = 8DD76F6C0486A84900D96B5E;
			remoteInfo = msh_view;
		};
		A94832C81189FE570041A31C /* PBXContainerItemProxy */ = {
			isa = PBXContainerItemProxy;
			containerPortal = A94832C01189FE570041A31C /* scalar2d.xcodeproj */;
			proxyType = 2;
			remoteGlobalIDString = 8DD76F6C0486A84900D96B5E;
			remoteInfo = scalar2d;
		};
		A94832EA1189FFE60041A31C /* PBXContainerItemProxy */ = {
			isa = PBXContainerItemProxy;
			containerPortal = A94832E21189FFE60041A31C /* scalar3d.xcodeproj */;
			proxyType = 2;
			remoteGlobalIDString = 8DD76F6C0486A84900D96B5E;
			remoteInfo = scalar3d;
		};
		A94832F41189FFF30041A31C /* PBXContainerItemProxy */ = {
			isa = PBXContainerItemProxy;
			containerPortal = A94832EC1189FFF30041A31C /* solid2d.xcodeproj */;
			proxyType = 2;
			remoteGlobalIDString = 8DD76F6C0486A84900D96B5E;
			remoteInfo = solid2d;
		};
		A94832FE118A00010041A31C /* PBXContainerItemProxy */ = {
			isa = PBXContainerItemProxy;
			containerPortal = A94832F6118A00010041A31C /* solid2d_thermal.xcodeproj */;
			proxyType = 2;
			remoteGlobalIDString = 8DD76F6C0486A84900D96B5E;
			remoteInfo = solid2d_thermal;
		};
		A9483308118A001C0041A31C /* PBXContainerItemProxy */ = {
			isa = PBXContainerItemProxy;
			containerPortal = A9483300118A001C0041A31C /* solid3d.xcodeproj */;
			proxyType = 2;
			remoteGlobalIDString = 8DD76F6C0486A84900D96B5E;
			remoteInfo = solid3d;
		};
		A9A026B8118DA95B00F2D39A /* PBXContainerItemProxy */ = {
			isa = PBXContainerItemProxy;
			containerPortal = A9A026B0118DA95B00F2D39A /* dkt2d.xcodeproj */;
			proxyType = 2;
			remoteGlobalIDString = 8DD76F6C0486A84900D96B5E;
			remoteInfo = dkt2d;
		};
		A9A02C2C118F184900F2D39A /* PBXContainerItemProxy */ = {
			isa = PBXContainerItemProxy;
			containerPortal = A9A02C24118F184900F2D39A /* rigid.xcodeproj */;
			proxyType = 2;
			remoteGlobalIDString = 8DD76F6C0486A84900D96B5E;
			remoteInfo = rigid;
		};
		A9A02C36118F185900F2D39A /* PBXContainerItemProxy */ = {
			isa = PBXContainerItemProxy;
			containerPortal = A9A02C2E118F185900F2D39A /* stvk_rigid.xcodeproj */;
			proxyType = 2;
			remoteGlobalIDString = 8DD76F6C0486A84900D96B5E;
			remoteInfo = stvk_rigid;
		};
/* End PBXContainerItemProxy section */

/* Begin PBXFileReference section */
		A948328C1189F07B0041A31C /* cad_view.xcodeproj */ = {isa = PBXFileReference; lastKnownFileType = "wrapper.pb-project"; name = cad_view.xcodeproj; path = cad_view/cad_view.xcodeproj; sourceTree = "<group>"; };
		A94832961189F08B0041A31C /* field_evaluate.xcodeproj */ = {isa = PBXFileReference; lastKnownFileType = "wrapper.pb-project"; name = field_evaluate.xcodeproj; path = field_evaluate/field_evaluate.xcodeproj; sourceTree = "<group>"; };
		A948329C1189F09B0041A31C /* fluid2d.xcodeproj */ = {isa = PBXFileReference; lastKnownFileType = "wrapper.pb-project"; name = fluid2d.xcodeproj; path = fluid2d/fluid2d.xcodeproj; sourceTree = "<group>"; };
		A94832A61189F0A60041A31C /* helmholtz2d.xcodeproj */ = {isa = PBXFileReference; lastKnownFileType = "wrapper.pb-project"; name = helmholtz2d.xcodeproj; path = helmholtz2d/helmholtz2d.xcodeproj; sourceTree = "<group>"; };
		A94832AC1189F0C20041A31C /* hyper3d.xcodeproj */ = {isa = PBXFileReference; lastKnownFileType = "wrapper.pb-project"; name = hyper3d.xcodeproj; path = hyper3d/hyper3d.xcodeproj; sourceTree = "<group>"; };
		A94832B61189F0D30041A31C /* msh_view.xcodeproj */ = {isa = PBXFileReference; lastKnownFileType = "wrapper.pb-project"; name = msh_view.xcodeproj; path = msh_view/msh_view.xcodeproj; sourceTree = "<group>"; };
		A94832C01189FE570041A31C /* scalar2d.xcodeproj */ = {isa = PBXFileReference; lastKnownFileType = "wrapper.pb-project"; name = scalar2d.xcodeproj; path = scalar2d/scalar2d.xcodeproj; sourceTree = "<group>"; };
		A94832E21189FFE60041A31C /* scalar3d.xcodeproj */ = {isa = PBXFileReference; lastKnownFileType = "wrapper.pb-project"; name = scalar3d.xcodeproj; path = scalar3d/scalar3d.xcodeproj; sourceTree = "<group>"; };
		A94832EC1189FFF30041A31C /* solid2d.xcodeproj */ = {isa = PBXFileReference; lastKnownFileType = "wrapper.pb-project"; name = solid2d.xcodeproj; path = solid2d/solid2d.xcodeproj; sourceTree = "<group>"; };
		A94832F6118A00010041A31C /* solid2d_thermal.xcodeproj */ = {isa = PBXFileReference; lastKnownFileType = "wrapper.pb-project"; name = solid2d_thermal.xcodeproj; path = solid2d_thermal/solid2d_thermal.xcodeproj; sourceTree = "<group>"; };
		A9483300118A001C0041A31C /* solid3d.xcodeproj */ = {isa = PBXFileReference; lastKnownFileType = "wrapper.pb-project"; name = solid3d.xcodeproj; path = solid3d/solid3d.xcodeproj; sourceTree = "<group>"; };
		A9A026B0118DA95B00F2D39A /* dkt2d.xcodeproj */ = {isa = PBXFileReference; lastKnownFileType = "wrapper.pb-project"; name = dkt2d.xcodeproj; path = dkt2d/dkt2d.xcodeproj; sourceTree = "<group>"; };
		A9A02C24118F184900F2D39A /* rigid.xcodeproj */ = {isa = PBXFileReference; lastKnownFileType = "wrapper.pb-project"; name = rigid.xcodeproj; path = rigid/rigid.xcodeproj; sourceTree = "<group>"; };
		A9A02C2E118F185900F2D39A /* stvk_rigid.xcodeproj */ = {isa = PBXFileReference; lastKnownFileType = "wrapper.pb-project"; name = stvk_rigid.xcodeproj; path = stvk_rigid/stvk_rigid.xcodeproj; sourceTree = "<group>"; };
/* End PBXFileReference section */

/* Begin PBXGroup section */
		A948327B1189F0540041A31C = {
			isa = PBXGroup;
			children = (
				A9A02C2E118F185900F2D39A /* stvk_rigid.xcodeproj */,
				A9A02C24118F184900F2D39A /* rigid.xcodeproj */,
				A9A026B0118DA95B00F2D39A /* dkt2d.xcodeproj */,
				A9483300118A001C0041A31C /* solid3d.xcodeproj */,
				A94832F6118A00010041A31C /* solid2d_thermal.xcodeproj */,
				A94832EC1189FFF30041A31C /* solid2d.xcodeproj */,
				A94832E21189FFE60041A31C /* scalar3d.xcodeproj */,
				A94832C01189FE570041A31C /* scalar2d.xcodeproj */,
				A94832B61189F0D30041A31C /* msh_view.xcodeproj */,
				A94832AC1189F0C20041A31C /* hyper3d.xcodeproj */,
				A94832A61189F0A60041A31C /* helmholtz2d.xcodeproj */,
				A948329C1189F09B0041A31C /* fluid2d.xcodeproj */,
				A94832961189F08B0041A31C /* field_evaluate.xcodeproj */,
				A948328C1189F07B0041A31C /* cad_view.xcodeproj */,
			);
			sourceTree = "<group>";
		};
		A948328D1189F07B0041A31C /* Products */ = {
			isa = PBXGroup;
			children = (
				A94832951189F07B0041A31C /* cad_view */,
			);
			name = Products;
			sourceTree = "<group>";
		};
		A94832971189F08B0041A31C /* Products */ = {
			isa = PBXGroup;
			children = (
				A948329B1189F08B0041A31C /* field_evaluate */,
			);
			name = Products;
			sourceTree = "<group>";
		};
		A948329D1189F09B0041A31C /* Products */ = {
			isa = PBXGroup;
			children = (
				A94832A51189F09B0041A31C /* fluid2d */,
			);
			name = Products;
			sourceTree = "<group>";
		};
		A94832A71189F0A60041A31C /* Products */ = {
			isa = PBXGroup;
			children = (
				A94832AB1189F0A60041A31C /* helmholtz2d */,
			);
			name = Products;
			sourceTree = "<group>";
		};
		A94832AD1189F0C20041A31C /* Products */ = {
			isa = PBXGroup;
			children = (
				A94832B51189F0C20041A31C /* hyper3d */,
			);
			name = Products;
			sourceTree = "<group>";
		};
		A94832B71189F0D30041A31C /* Products */ = {
			isa = PBXGroup;
			children = (
				A94832BF1189F0D30041A31C /* msh_view */,
			);
			name = Products;
			sourceTree = "<group>";
		};
		A94832C11189FE570041A31C /* Products */ = {
			isa = PBXGroup;
			children = (
				A94832C91189FE570041A31C /* scalar2d */,
			);
			name = Products;
			sourceTree = "<group>";
		};
		A94832E31189FFE60041A31C /* Products */ = {
			isa = PBXGroup;
			children = (
				A94832EB1189FFE60041A31C /* scalar3d */,
			);
			name = Products;
			sourceTree = "<group>";
		};
		A94832ED1189FFF30041A31C /* Products */ = {
			isa = PBXGroup;
			children = (
				A94832F51189FFF30041A31C /* solid2d */,
			);
			name = Products;
			sourceTree = "<group>";
		};
		A94832F7118A00010041A31C /* Products */ = {
			isa = PBXGroup;
			children = (
				A94832FF118A00010041A31C /* solid2d_thermal */,
			);
			name = Products;
			sourceTree = "<group>";
		};
		A9483301118A001C0041A31C /* Products */ = {
			isa = PBXGroup;
			children = (
				A9483309118A001C0041A31C /* solid3d */,
			);
			name = Products;
			sourceTree = "<group>";
		};
		A9A026B1118DA95B00F2D39A /* Products */ = {
			isa = PBXGroup;
			children = (
				A9A026B9118DA95B00F2D39A /* dkt2d */,
			);
			name = Products;
			sourceTree = "<group>";
		};
		A9A02C25118F184900F2D39A /* Products */ = {
			isa = PBXGroup;
			children = (
				A9A02C2D118F184900F2D39A /* rigid */,
			);
			name = Products;
			sourceTree = "<group>";
		};
		A9A02C2F118F185900F2D39A /* Products */ = {
			isa = PBXGroup;
			children = (
				A9A02C37118F185900F2D39A /* stvk_rigid */,
			);
			name = Products;
			sourceTree = "<group>";
		};
/* End PBXGroup section */

/* Begin PBXProject section */
		A948327D1189F0540041A31C /* Project object */ = {
			isa = PBXProject;
			buildConfigurationList = A94832801189F0540041A31C /* Build configuration list for PBXProject "tests" */;
			compatibilityVersion = "Xcode 2.4";
			developmentRegion = English;
			hasScannedForEncodings = 0;
			knownRegions = (
				English,
				Japanese,
				French,
				German,
			);
			mainGroup = A948327B1189F0540041A31C;
			projectDirPath = "";
			projectReferences = (
				{
					ProductGroup = A948328D1189F07B0041A31C /* Products */;
					ProjectRef = A948328C1189F07B0041A31C /* cad_view.xcodeproj */;
				},
				{
					ProductGroup = A9A026B1118DA95B00F2D39A /* Products */;
					ProjectRef = A9A026B0118DA95B00F2D39A /* dkt2d.xcodeproj */;
				},
				{
					ProductGroup = A94832971189F08B0041A31C /* Products */;
					ProjectRef = A94832961189F08B0041A31C /* field_evaluate.xcodeproj */;
				},
				{
					ProductGroup = A948329D1189F09B0041A31C /* Products */;
					ProjectRef = A948329C1189F09B0041A31C /* fluid2d.xcodeproj */;
				},
				{
					ProductGroup = A94832A71189F0A60041A31C /* Products */;
					ProjectRef = A94832A61189F0A60041A31C /* helmholtz2d.xcodeproj */;
				},
				{
					ProductGroup = A94832AD1189F0C20041A31C /* Products */;
					ProjectRef = A94832AC1189F0C20041A31C /* hyper3d.xcodeproj */;
				},
				{
					ProductGroup = A94832B71189F0D30041A31C /* Products */;
					ProjectRef = A94832B61189F0D30041A31C /* msh_view.xcodeproj */;
				},
				{
					ProductGroup = A9A02C25118F184900F2D39A /* Products */;
					ProjectRef = A9A02C24118F184900F2D39A /* rigid.xcodeproj */;
				},
				{
					ProductGroup = A94832C11189FE570041A31C /* Products */;
					ProjectRef = A94832C01189FE570041A31C /* scalar2d.xcodeproj */;
				},
				{
					ProductGroup = A94832E31189FFE60041A31C /* Products */;
					ProjectRef = A94832E21189FFE60041A31C /* scalar3d.xcodeproj */;
				},
				{
					ProductGroup = A94832ED1189FFF30041A31C /* Products */;
					ProjectRef = A94832EC1189FFF30041A31C /* solid2d.xcodeproj */;
				},
				{
					ProductGroup = A94832F7118A00010041A31C /* Products */;
					ProjectRef = A94832F6118A00010041A31C /* solid2d_thermal.xcodeproj */;
				},
				{
					ProductGroup = A9483301118A001C0041A31C /* Products */;
					ProjectRef = A9483300118A001C0041A31C /* solid3d.xcodeproj */;
				},
				{
					ProductGroup = A9A02C2F118F185900F2D39A /* Products */;
					ProjectRef = A9A02C2E118F185900F2D39A /* stvk_rigid.xcodeproj */;
				},
			);
			projectRoot = "";
			targets = (
			);
		};
/* End PBXProject section */

/* Begin PBXReferenceProxy section */
		A94832951189F07B0041A31C /* cad_view */ = {
			isa = PBXReferenceProxy;
			fileType = "compiled.mach-o.executable";
			path = cad_view;
			remoteRef = A94832941189F07B0041A31C /* PBXContainerItemProxy */;
			sourceTree = BUILT_PRODUCTS_DIR;
		};
		A948329B1189F08B0041A31C /* field_evaluate */ = {
			isa = PBXReferenceProxy;
			fileType = "compiled.mach-o.executable";
			path = field_evaluate;
			remoteRef = A948329A1189F08B0041A31C /* PBXContainerItemProxy */;
			sourceTree = BUILT_PRODUCTS_DIR;
		};
		A94832A51189F09B0041A31C /* fluid2d */ = {
			isa = PBXReferenceProxy;
			fileType = "compiled.mach-o.executable";
			path = fluid2d;
			remoteRef = A94832A41189F09B0041A31C /* PBXContainerItemProxy */;
			sourceTree = BUILT_PRODUCTS_DIR;
		};
		A94832AB1189F0A60041A31C /* helmholtz2d */ = {
			isa = PBXReferenceProxy;
			fileType = "compiled.mach-o.executable";
			path = helmholtz2d;
			remoteRef = A94832AA1189F0A60041A31C /* PBXContainerItemProxy */;
			sourceTree = BUILT_PRODUCTS_DIR;
		};
		A94832B51189F0C20041A31C /* hyper3d */ = {
			isa = PBXReferenceProxy;
			fileType = "compiled.mach-o.executable";
			path = hyper3d;
			remoteRef = A94832B41189F0C20041A31C /* PBXContainerItemProxy */;
			sourceTree = BUILT_PRODUCTS_DIR;
		};
		A94832BF1189F0D30041A31C /* msh_view */ = {
			isa = PBXReferenceProxy;
			fileType = "compiled.mach-o.executable";
			path = msh_view;
			remoteRef = A94832BE1189F0D30041A31C /* PBXContainerItemProxy */;
			sourceTree = BUILT_PRODUCTS_DIR;
		};
		A94832C91189FE570041A31C /* scalar2d */ = {
			isa = PBXReferenceProxy;
			fileType = "compiled.mach-o.executable";
			path = scalar2d;
			remoteRef = A94832C81189FE570041A31C /* PBXContainerItemProxy */;
			sourceTree = BUILT_PRODUCTS_DIR;
		};
		A94832EB1189FFE60041A31C /* scalar3d */ = {
			isa = PBXReferenceProxy;
			fileType = "compiled.mach-o.executable";
			path = scalar3d;
			remoteRef = A94832EA1189FFE60041A31C /* PBXContainerItemProxy */;
			sourceTree = BUILT_PRODUCTS_DIR;
		};
		A94832F51189FFF30041A31C /* solid2d */ = {
			isa = PBXReferenceProxy;
			fileType = "compiled.mach-o.executable";
			path = solid2d;
			remoteRef = A94832F41189FFF30041A31C /* PBXContainerItemProxy */;
			sourceTree = BUILT_PRODUCTS_DIR;
		};
		A94832FF118A00010041A31C /* solid2d_thermal */ = {
			isa = PBXReferenceProxy;
			fileType = "compiled.mach-o.executable";
			path = solid2d_thermal;
			remoteRef = A94832FE118A00010041A31C /* PBXContainerItemProxy */;
			sourceTree = BUILT_PRODUCTS_DIR;
		};
		A9483309118A001C0041A31C /* solid3d */ = {
			isa = PBXReferenceProxy;
			fileType = "compiled.mach-o.executable";
			path = solid3d;
			remoteRef = A9483308118A001C0041A31C /* PBXContainerItemProxy */;
			sourceTree = BUILT_PRODUCTS_DIR;
		};
		A9A026B9118DA95B00F2D39A /* dkt2d */ = {
			isa = PBXReferenceProxy;
			fileType = "compiled.mach-o.executable";
			path = dkt2d;
			remoteRef = A9A026B8118DA95B00F2D39A /* PBXContainerItemProxy */;
			sourceTree = BUILT_PRODUCTS_DIR;
		};
		A9A02C2D118F184900F2D39A /* rigid */ = {
			isa = PBXReferenceProxy;
			fileType = "compiled.mach-o.executable";
			path = rigid;
			remoteRef = A9A02C2C118F184900F2D39A /* PBXContainerItemProxy */;
			sourceTree = BUILT_PRODUCTS_DIR;
		};
		A9A02C37118F185900F2D39A /* stvk_rigid */ = {
			isa = PBXReferenceProxy;
			fileType = "compiled.mach-o.executable";
			path = stvk_rigid;
			remoteRef = A9A02C36118F185900F2D39A /* PBXContainerItemProxy */;
			sourceTree = BUILT_PRODUCTS_DIR;
		};
/* End PBXReferenceProxy section */

/* Begin XCBuildConfiguration section */
		A948327E1189F0540041A31C /* Debug */ = {
			isa = XCBuildConfiguration;
			buildSettings = {
				COPY_PHASE_STRIP = NO;
			};
			name = Debug;
		};
		A948327F1189F0540041A31C /* Release */ = {
			isa = XCBuildConfiguration;
			buildSettings = {
				COPY_PHASE_STRIP = YES;
			};
			name = Release;
		};
/* End XCBuildConfiguration section */

/* Begin XCConfigurationList section */
		A94832801189F0540041A31C /* Build configuration list for PBXProject "tests" */ = {
			isa = XCConfigurationList;
			buildConfigurations = (
				A948327E1189F0540041A31C /* Debug */,
				A948327F1189F0540041A31C /* Release */,
			);
			defaultConfigurationIsVisible = 0;
			defaultConfigurationName = Release;
		};
/* End XCConfigurationList section */
	};
	rootObject = A948327D1189F0540041A31C /* Project object */;
}
